
Microsoft Visual Studio Solution File, Format Version 12.00
# Visual Studio Version 17
VisualStudioVersion = 17.7.34221.43
MinimumVisualStudioVersion = 10.0.40219.1
Project("{FAE04EC0-301F-11D3-BF4B-00C04F79EFBC}") = "kursova", "kursova.csproj", "{0E95DCA5-4D62-4F7B-8E14-6D96F719C188}"
EndProject
Global
	GlobalSection(SolutionConfigurationPlatforms) = preSolution
		Debug|Any CPU = Debug|Any CPU
		Release|Any CPU = Release|Any CPU
	EndGlobalSection
	GlobalSection(ProjectConfigurationPlatforms) = postSolution
		{0E95DCA5-4D62-4F7B-8E14-6D96F719C188}.Debug|Any CPU.ActiveCfg = Debug|Any CPU
		{0E95DCA5-4D62-4F7B-8E14-6D96F719C188}.Debug|Any CPU.Build.0 = Debug|Any CPU
		{0E95DCA5-4D62-4F7B-8E14-6D96F719C188}.Release|Any CPU.ActiveCfg = Release|Any CPU
		{0E95DCA5-4D62-4F7B-8E14-6D96F719C188}.Release|Any CPU.Build.0 = Release|Any CPU
	EndGlobalSection
	GlobalSection(SolutionProperties) = preSolution
		HideSolutionNode = FALSE
	EndGlobalSection
	GlobalSection(ExtensibilityGlobals) = postSolution
		SolutionGuid = {88EBB1F2-0033-4EC2-8F15-4D7081A6C756}
	EndGlobalSection
EndGlobal
